
Microsoft Visual Studio Solution File, Format Version 12.00
# Visual Studio Version 16
VisualStudioVersion = 16.0.31624.102
MinimumVisualStudioVersion = 10.0.40219.1
Project("{9A19103F-16F7-4668-BE54-9A1E7A4F7556}") = "LotteryForms", "LotteryForms\LotteryForms.csproj", "{DA547929-D0DD-4E77-8537-6D9E2928FAC7}"
EndProject
Project("{9A19103F-16F7-4668-BE54-9A1E7A4F7556}") = "Lottery", "Lottery\Lottery.csproj", "{D04619F9-A2DC-4609-819B-E171ACCA1AA9}"
EndProject
Project("{9A19103F-16F7-4668-BE54-9A1E7A4F7556}") = "Test", "Test\Test.csproj", "{04F3E7B6-06F5-4AAB-94B4-2E0EA960F036}"
EndProject
Project("{2150E333-8FDC-42A3-9474-1A3956D46DE8}") = "Solution Items", "Solution Items", "{13BD7BFC-0DFB-49AB-8A9C-CDF23FD78A2D}"
	ProjectSection(SolutionItems) = preProject
		.editorconfig = .editorconfig
	EndProjectSection
EndProject
Global
	GlobalSection(SolutionConfigurationPlatforms) = preSolution
		Debug|Any CPU = Debug|Any CPU
		Release|Any CPU = Release|Any CPU
	EndGlobalSection
	GlobalSection(ProjectConfigurationPlatforms) = postSolution
		{DA547929-D0DD-4E77-8537-6D9E2928FAC7}.Debug|Any CPU.ActiveCfg = Debug|Any CPU
		{DA547929-D0DD-4E77-8537-6D9E2928FAC7}.Debug|Any CPU.Build.0 = Debug|Any CPU
		{DA547929-D0DD-4E77-8537-6D9E2928FAC7}.Release|Any CPU.ActiveCfg = Release|Any CPU
		{DA547929-D0DD-4E77-8537-6D9E2928FAC7}.Release|Any CPU.Build.0 = Release|Any CPU
		{D04619F9-A2DC-4609-819B-E171ACCA1AA9}.Debug|Any CPU.ActiveCfg = Debug|Any CPU
		{D04619F9-A2DC-4609-819B-E171ACCA1AA9}.Debug|Any CPU.Build.0 = Debug|Any CPU
		{D04619F9-A2DC-4609-819B-E171ACCA1AA9}.Release|Any CPU.ActiveCfg = Release|Any CPU
		{D04619F9-A2DC-4609-819B-E171ACCA1AA9}.Release|Any CPU.Build.0 = Release|Any CPU
		{04F3E7B6-06F5-4AAB-94B4-2E0EA960F036}.Debug|Any CPU.ActiveCfg = Debug|Any CPU
		{04F3E7B6-06F5-4AAB-94B4-2E0EA960F036}.Debug|Any CPU.Build.0 = Debug|Any CPU
		{04F3E7B6-06F5-4AAB-94B4-2E0EA960F036}.Release|Any CPU.ActiveCfg = Release|Any CPU
		{04F3E7B6-06F5-4AAB-94B4-2E0EA960F036}.Release|Any CPU.Build.0 = Release|Any CPU
	EndGlobalSection
	GlobalSection(SolutionProperties) = preSolution
		HideSolutionNode = FALSE
	EndGlobalSection
	GlobalSection(ExtensibilityGlobals) = postSolution
		SolutionGuid = {3A4A21C5-4C1E-411E-BFF6-0C6CBD7104A2}
	EndGlobalSection
EndGlobal
